
Microsoft Visual Studio Solution File, Format Version 12.00
# Visual Studio Version 16
VisualStudioVersion = 16.0.30907.101
MinimumVisualStudioVersion = 10.0.40219.1
Project("{FAE04EC0-301F-11D3-BF4B-00C04F79EFBC}") = "jaz204", "jaz204\jaz204.csproj", "{642BE6AF-F2E4-4F09-BD3F-004881EE0165}"
EndProject
Global
	GlobalSection(SolutionConfigurationPlatforms) = preSolution
		Debug|Any CPU = Debug|Any CPU
		Release|Any CPU = Release|Any CPU
	EndGlobalSection
	GlobalSection(ProjectConfigurationPlatforms) = postSolution
		{642BE6AF-F2E4-4F09-BD3F-004881EE0165}.Debug|Any CPU.ActiveCfg = Debug|Any CPU
		{642BE6AF-F2E4-4F09-BD3F-004881EE0165}.Debug|Any CPU.Build.0 = Debug|Any CPU
		{642BE6AF-F2E4-4F09-BD3F-004881EE0165}.Release|Any CPU.ActiveCfg = Release|Any CPU
		{642BE6AF-F2E4-4F09-BD3F-004881EE0165}.Release|Any CPU.Build.0 = Release|Any CPU
	EndGlobalSection
	GlobalSection(SolutionProperties) = preSolution
		HideSolutionNode = FALSE
	EndGlobalSection
	GlobalSection(ExtensibilityGlobals) = postSolution
		SolutionGuid = {E71EA113-1053-4762-AA0D-CB0FE45D4219}
	EndGlobalSection
EndGlobal
